<?xml version="1.0" encoding="utf-8"?>
<Project ToolsVersion="4.0" xmlns="http://schemas.microsoft.com/developer/msbuild/2003">
  <ItemGroup>
    <Filter Include="Source Files">
      <UniqueIdentifier>{4FC737F1-C7A5-4376-A066-2A32D752A2FF}</UniqueIdentifier>
      <Extensions>cpp;c;cc;cxx;def;odl;idl;hpj;bat;asm;asmx</Extensions>
    </Filter>
    <Filter Include="Header Files">
      <UniqueIdentifier>{93995380-89BD-4b04-88EB-625FBE52EBFB}</UniqueIdentifier>
      <Extensions>h;hh;hpp;hxx;hm;inl;inc;xsd</Extensions>
    </Filter>
    <Filter Include="Resource Files">
      <UniqueIdentifier>{67DA6AB6-F800-4c08-8B7A-83BB121AAD01}</UniqueIdentifier>
      <Extensions>rc;ico;cur;bmp;dlg;rc2;rct;bin;rgs;gif;jpg;jpeg;jpe;resx;tiff;tif;png;wav;mfcribbon-ms</Extensions>
    </Filter>
    <Filter Include="Header Files\states">
      <UniqueIdentifier>{c2a39c22-57d5-41a4-a510-100a4d2218d5}</UniqueIdentifier>
    </Filter>
    <Filter Include="Header Files\model">
      <UniqueIdentifier>{6b99742c-b686-457b-a743-89a07b1bba21}</UniqueIdentifier>
    </Filter>
    <Filter Include="Source Files\model">
      <UniqueIdentifier>{0ffa7b5b-919e-450c-9473-d21716dc88bc}</UniqueIdentifier>
    </Filter>
    <Filter Include="Source Files\states">
      <UniqueIdentifier>{c899d60b-fc58-47ee-b3a5-9c52969de0cd}</UniqueIdentifier>
    </Filter>
    <Filter Include="Header Files\util">
      <UniqueIdentifier>{bab978ae-e6a5-4967-9c9e-88de786a7f56}</UniqueIdentifier>
    </Filter>
    <Filter Include="Source Files\util">
      <UniqueIdentifier>{35a38934-585e-4d8b-9276-91b4e4df3acb}</UniqueIdentifier>
    </Filter>
  </ItemGroup>
  <ItemGroup>
    <ClCompile Include="the_labyrinth.cpp">
      <Filter>Source Files</Filter>
    </ClCompile>
    <ClCompile Include="model\Chamber.cpp">
      <Filter>Source Files\model</Filter>
    </ClCompile>
    <ClCompile Include="model\Creature.cpp">
      <Filter>Source Files\model</Filter>
    </ClCompile>
    <ClCompile Include="model\Game.cpp">
      <Filter>Source Files\model</Filter>
    </ClCompile>
    <ClCompile Include="model\Inventory.cpp">
      <Filter>Source Files\model</Filter>
    </ClCompile>
    <ClCompile Include="model\Item.cpp">
      <Filter>Source Files\model</Filter>
    </ClCompile>
    <ClCompile Include="model\Monster.cpp">
      <Filter>Source Files\model</Filter>
    </ClCompile>
    <ClCompile Include="model\Player.cpp">
      <Filter>Source Files\model</Filter>
    </ClCompile>
    <ClCompile Include="model\Thing.cpp">
      <Filter>Source Files\model</Filter>
    </ClCompile>
    <ClCompile Include="states\GameState.cpp">
      <Filter>Source Files\states</Filter>
    </ClCompile>
    <ClCompile Include="states\ExploreState.cpp">
      <Filter>Source Files\states</Filter>
    </ClCompile>
    <ClCompile Include="model\Floor.cpp">
      <Filter>Source Files\model</Filter>
    </ClCompile>
    <ClCompile Include="model\Dungeon.cpp">
      <Filter>Source Files\model</Filter>
    </ClCompile>
    <ClCompile Include="states\FightState.cpp">
      <Filter>Source Files\states</Filter>
    </ClCompile>
    <ClCompile Include="states\IntroState.cpp">
      <Filter>Source Files\states</Filter>
    </ClCompile>
    <ClCompile Include="RandomGenerator.cpp">
      <Filter>Source Files\util</Filter>
    </ClCompile>
    <ClCompile Include="util\ChamberDescriptionBuilder.cpp">
      <Filter>Source Files\util</Filter>
    </ClCompile>
  </ItemGroup>
  <ItemGroup>
    <ClInclude Include="model\Chamber.h">
      <Filter>Header Files\model</Filter>
    </ClInclude>
    <ClInclude Include="model\Creature.h">
      <Filter>Header Files\model</Filter>
    </ClInclude>
    <ClInclude Include="model\Game.h">
      <Filter>Header Files\model</Filter>
    </ClInclude>
    <ClInclude Include="model\Inventory.h">
      <Filter>Header Files\model</Filter>
    </ClInclude>
    <ClInclude Include="model\Item.h">
      <Filter>Header Files\model</Filter>
    </ClInclude>
    <ClInclude Include="model\Monster.h">
      <Filter>Header Files\model</Filter>
    </ClInclude>
    <ClInclude Include="model\Player.h">
      <Filter>Header Files\model</Filter>
    </ClInclude>
    <ClInclude Include="model\Thing.h">
      <Filter>Header Files\model</Filter>
    </ClInclude>
    <ClInclude Include="states\GameState.h">
      <Filter>Header Files\states</Filter>
    </ClInclude>
    <ClInclude Include="states\ExploreState.h">
      <Filter>Header Files\states</Filter>
    </ClInclude>
    <ClInclude Include="model\Floor.h">
      <Filter>Header Files\model</Filter>
    </ClInclude>
    <ClInclude Include="model\Dungeon.h">
      <Filter>Header Files\model</Filter>
    </ClInclude>
    <ClInclude Include="model\enums.h">
      <Filter>Header Files\model</Filter>
    </ClInclude>
    <ClInclude Include="states\FightState.h">
      <Filter>Header Files\states</Filter>
    </ClInclude>
    <ClInclude Include="states\IntroState.h">
      <Filter>Header Files\states</Filter>
    </ClInclude>
    <ClInclude Include="RandomGenerator.h">
      <Filter>Header Files\util</Filter>
    </ClInclude>
    <ClInclude Include="util\ChamberDescriptionBuilder.h">
      <Filter>Header Files\util</Filter>
    </ClInclude>
  </ItemGroup>
</Project>